
Microsoft Visual Studio Solution File, Format Version 12.00
# Visual Studio Version 17
VisualStudioVersion = 17.4.33122.133
MinimumVisualStudioVersion = 10.0.40219.1
Project("{FAE04EC0-301F-11D3-BF4B-00C04F79EFBC}") = "Selenium webscraper", "Selenium webscraper\Selenium webscraper.csproj", "{ED57ED4F-DDD7-4040-8EA0-4AD0CF3DF80A}"
EndProject
Global
	GlobalSection(SolutionConfigurationPlatforms) = preSolution
		Debug|Any CPU = Debug|Any CPU
		Release|Any CPU = Release|Any CPU
	EndGlobalSection
	GlobalSection(ProjectConfigurationPlatforms) = postSolution
		{ED57ED4F-DDD7-4040-8EA0-4AD0CF3DF80A}.Debug|Any CPU.ActiveCfg = Debug|Any CPU
		{ED57ED4F-DDD7-4040-8EA0-4AD0CF3DF80A}.Debug|Any CPU.Build.0 = Debug|Any CPU
		{ED57ED4F-DDD7-4040-8EA0-4AD0CF3DF80A}.Release|Any CPU.ActiveCfg = Release|Any CPU
		{ED57ED4F-DDD7-4040-8EA0-4AD0CF3DF80A}.Release|Any CPU.Build.0 = Release|Any CPU
	EndGlobalSection
	GlobalSection(SolutionProperties) = preSolution
		HideSolutionNode = FALSE
	EndGlobalSection
	GlobalSection(ExtensibilityGlobals) = postSolution
		SolutionGuid = {924D8FEC-2BED-444F-B099-C15CA0F215AC}
	EndGlobalSection
EndGlobal
